
Microsoft Visual Studio Solution File, Format Version 12.00
# Visual Studio Version 17
VisualStudioVersion = 17.14.36705.20 d17.14
MinimumVisualStudioVersion = 10.0.40219.1
Project("{FAE04EC0-301F-11D3-BF4B-00C04F79EFBC}") = "WebAPI", "WebAPI\WebAPI.csproj", "{1FB32587-7609-438B-8709-A4988AAB341C}"
EndProject
Project("{FAE04EC0-301F-11D3-BF4B-00C04F79EFBC}") = "Domain", "Domain\Domain.csproj", "{BE277566-C890-4260-8C8E-06A82E88E209}"
EndProject
Project("{FAE04EC0-301F-11D3-BF4B-00C04F79EFBC}") = "Application", "Application\Application.csproj", "{3A800881-CCE5-4662-8F1F-8E482AC3242E}"
EndProject
Project("{FAE04EC0-301F-11D3-BF4B-00C04F79EFBC}") = "Infrastructure", "Infrastructure\Infrastructure.csproj", "{8B5BDDD3-215C-4F43-B28A-16EDB0CE5F77}"
EndProject
Global
	GlobalSection(SolutionConfigurationPlatforms) = preSolution
		Debug|Any CPU = Debug|Any CPU
		Release|Any CPU = Release|Any CPU
	EndGlobalSection
	GlobalSection(ProjectConfigurationPlatforms) = postSolution
		{1FB32587-7609-438B-8709-A4988AAB341C}.Debug|Any CPU.ActiveCfg = Debug|Any CPU
		{1FB32587-7609-438B-8709-A4988AAB341C}.Debug|Any CPU.Build.0 = Debug|Any CPU
		{1FB32587-7609-438B-8709-A4988AAB341C}.Release|Any CPU.ActiveCfg = Release|Any CPU
		{1FB32587-7609-438B-8709-A4988AAB341C}.Release|Any CPU.Build.0 = Release|Any CPU
		{BE277566-C890-4260-8C8E-06A82E88E209}.Debug|Any CPU.ActiveCfg = Debug|Any CPU
		{BE277566-C890-4260-8C8E-06A82E88E209}.Debug|Any CPU.Build.0 = Debug|Any CPU
		{BE277566-C890-4260-8C8E-06A82E88E209}.Release|Any CPU.ActiveCfg = Release|Any CPU
		{BE277566-C890-4260-8C8E-06A82E88E209}.Release|Any CPU.Build.0 = Release|Any CPU
		{3A800881-CCE5-4662-8F1F-8E482AC3242E}.Debug|Any CPU.ActiveCfg = Debug|Any CPU
		{3A800881-CCE5-4662-8F1F-8E482AC3242E}.Debug|Any CPU.Build.0 = Debug|Any CPU
		{3A800881-CCE5-4662-8F1F-8E482AC3242E}.Release|Any CPU.ActiveCfg = Release|Any CPU
		{3A800881-CCE5-4662-8F1F-8E482AC3242E}.Release|Any CPU.Build.0 = Release|Any CPU
		{8B5BDDD3-215C-4F43-B28A-16EDB0CE5F77}.Debug|Any CPU.ActiveCfg = Debug|Any CPU
		{8B5BDDD3-215C-4F43-B28A-16EDB0CE5F77}.Debug|Any CPU.Build.0 = Debug|Any CPU
		{8B5BDDD3-215C-4F43-B28A-16EDB0CE5F77}.Release|Any CPU.ActiveCfg = Release|Any CPU
		{8B5BDDD3-215C-4F43-B28A-16EDB0CE5F77}.Release|Any CPU.Build.0 = Release|Any CPU
	EndGlobalSection
	GlobalSection(SolutionProperties) = preSolution
		HideSolutionNode = FALSE
	EndGlobalSection
	GlobalSection(ExtensibilityGlobals) = postSolution
		SolutionGuid = {7878F449-7702-4C40-BD97-75FD42D6B3EF}
	EndGlobalSection
EndGlobal
